Microsoft Visual Studio Solution File, Format Version 12.00
# Visual Studio Version 17
VisualStudioVersion = 17.5.2.0
MinimumVisualStudioVersion = 10.0.40219.1
Project("{2150E333-8FDC-42A3-9474-1A3956D46DE8}") = "docker", "docker", "{5F3F916C-0321-8A9F-8AC0-501F442D9F72}"
EndProject
Project("{2150E333-8FDC-42A3-9474-1A3956D46DE8}") = "ch06", "ch06", "{808A9D8A-519C-6F77-2D2B-4DFF24C20EC3}"
EndProject
Project("{FAE04EC0-301F-11D3-BF4B-00C04F79EFBC}") = "dotnet", "docker\ch06\dotnet\dotnet.csproj", "{ED3868FC-6CEE-0E0A-AED2-F561F557546C}"
EndProject
Project("{2150E333-8FDC-42A3-9474-1A3956D46DE8}") = "jaeger-sample", "jaeger-sample", "{5D24F936-13AC-4DE3-603C-FABAAB8159C4}"
EndProject
Project("{FAE04EC0-301F-11D3-BF4B-00C04F79EFBC}") = "client", "docker\ch06\jaeger-sample\client\client.csproj", "{1711B7A3-75D3-96DD-95C2-CC98BDC96163}"
EndProject
Project("{FAE04EC0-301F-11D3-BF4B-00C04F79EFBC}") = "api", "docker\ch06\jaeger-sample\api\api.csproj", "{5385E088-047A-D44F-7CC1-9BFC5F6DDB0F}"
EndProject
Project("{FAE04EC0-301F-11D3-BF4B-00C04F79EFBC}") = "library", "docker\ch06\jaeger-sample\library\library.csproj", "{9099E5E8-E090-0BCA-463C-465BB32ACC14}"
EndProject
Project("{2150E333-8FDC-42A3-9474-1A3956D46DE8}") = "ch17", "ch17", "{CB5BF2F8-34D5-C0B4-8F5C-8B725CBCDA18}"
EndProject
Project("{2150E333-8FDC-42A3-9474-1A3956D46DE8}") = "dotnet", "dotnet", "{9044B64C-809A-071E-2EEE-8388C003D331}"
EndProject
Project("{FAE04EC0-301F-11D3-BF4B-00C04F79EFBC}") = "sample-api", "docker\ch17\dotnet\sample-api\sample-api.csproj", "{4F7B65F1-33E2-45B8-7976-7779986B100E}"
EndProject
Global
	GlobalSection(SolutionConfigurationPlatforms) = preSolution
		Debug|Any CPU = Debug|Any CPU
		Release|Any CPU = Release|Any CPU
	EndGlobalSection
	GlobalSection(ProjectConfigurationPlatforms) = postSolution
		{ED3868FC-6CEE-0E0A-AED2-F561F557546C}.Debug|Any CPU.ActiveCfg = Debug|Any CPU
		{ED3868FC-6CEE-0E0A-AED2-F561F557546C}.Debug|Any CPU.Build.0 = Debug|Any CPU
		{ED3868FC-6CEE-0E0A-AED2-F561F557546C}.Release|Any CPU.ActiveCfg = Release|Any CPU
		{ED3868FC-6CEE-0E0A-AED2-F561F557546C}.Release|Any CPU.Build.0 = Release|Any CPU
		{1711B7A3-75D3-96DD-95C2-CC98BDC96163}.Debug|Any CPU.ActiveCfg = Debug|Any CPU
		{1711B7A3-75D3-96DD-95C2-CC98BDC96163}.Debug|Any CPU.Build.0 = Debug|Any CPU
		{1711B7A3-75D3-96DD-95C2-CC98BDC96163}.Release|Any CPU.ActiveCfg = Release|Any CPU
		{1711B7A3-75D3-96DD-95C2-CC98BDC96163}.Release|Any CPU.Build.0 = Release|Any CPU
		{5385E088-047A-D44F-7CC1-9BFC5F6DDB0F}.Debug|Any CPU.ActiveCfg = Debug|Any CPU
		{5385E088-047A-D44F-7CC1-9BFC5F6DDB0F}.Debug|Any CPU.Build.0 = Debug|Any CPU
		{5385E088-047A-D44F-7CC1-9BFC5F6DDB0F}.Release|Any CPU.ActiveCfg = Release|Any CPU
		{5385E088-047A-D44F-7CC1-9BFC5F6DDB0F}.Release|Any CPU.Build.0 = Release|Any CPU
		{9099E5E8-E090-0BCA-463C-465BB32ACC14}.Debug|Any CPU.ActiveCfg = Debug|Any CPU
		{9099E5E8-E090-0BCA-463C-465BB32ACC14}.Debug|Any CPU.Build.0 = Debug|Any CPU
		{9099E5E8-E090-0BCA-463C-465BB32ACC14}.Release|Any CPU.ActiveCfg = Release|Any CPU
		{9099E5E8-E090-0BCA-463C-465BB32ACC14}.Release|Any CPU.Build.0 = Release|Any CPU
		{4F7B65F1-33E2-45B8-7976-7779986B100E}.Debug|Any CPU.ActiveCfg = Debug|Any CPU
		{4F7B65F1-33E2-45B8-7976-7779986B100E}.Debug|Any CPU.Build.0 = Debug|Any CPU
		{4F7B65F1-33E2-45B8-7976-7779986B100E}.Release|Any CPU.ActiveCfg = Release|Any CPU
		{4F7B65F1-33E2-45B8-7976-7779986B100E}.Release|Any CPU.Build.0 = Release|Any CPU
	EndGlobalSection
	GlobalSection(SolutionProperties) = preSolution
		HideSolutionNode = FALSE
	EndGlobalSection
	GlobalSection(NestedProjects) = preSolution
		{808A9D8A-519C-6F77-2D2B-4DFF24C20EC3} = {5F3F916C-0321-8A9F-8AC0-501F442D9F72}
		{ED3868FC-6CEE-0E0A-AED2-F561F557546C} = {808A9D8A-519C-6F77-2D2B-4DFF24C20EC3}
		{5D24F936-13AC-4DE3-603C-FABAAB8159C4} = {808A9D8A-519C-6F77-2D2B-4DFF24C20EC3}
		{1711B7A3-75D3-96DD-95C2-CC98BDC96163} = {5D24F936-13AC-4DE3-603C-FABAAB8159C4}
		{5385E088-047A-D44F-7CC1-9BFC5F6DDB0F} = {5D24F936-13AC-4DE3-603C-FABAAB8159C4}
		{9099E5E8-E090-0BCA-463C-465BB32ACC14} = {5D24F936-13AC-4DE3-603C-FABAAB8159C4}
		{CB5BF2F8-34D5-C0B4-8F5C-8B725CBCDA18} = {5F3F916C-0321-8A9F-8AC0-501F442D9F72}
		{9044B64C-809A-071E-2EEE-8388C003D331} = {CB5BF2F8-34D5-C0B4-8F5C-8B725CBCDA18}
		{4F7B65F1-33E2-45B8-7976-7779986B100E} = {9044B64C-809A-071E-2EEE-8388C003D331}
	EndGlobalSection
	GlobalSection(ExtensibilityGlobals) = postSolution
		SolutionGuid = {74C1A58C-A2E3-4123-940F-4BC1C4D091D9}
	EndGlobalSection
EndGlobal
